// !$*UTF8*$!
{
	archiveVersion = 1;
	classes = {
	};
	objectVersion = 46;
	objects = {

/* Begin PBXBuildFile section */
		30A9E60719C628A600A68AF8 /* Images.xcassets in Resources */ = {isa = PBXBuildFile; fileRef = 30A9E60619C628A600A68AF8 /* Images.xcassets */; };
		30B00DDB17CCFD280010D439 /* ActivityViewController.m in Sources */ = {isa = PBXBuildFile; fileRef = 30B00DD017CCFD280010D439 /* ActivityViewController.m */; };
		30B00DDC17CCFD280010D439 /* ExploreViewController.m in Sources */ = {isa = PBXBuildFile; fileRef = 30B00DD217CCFD280010D439 /* ExploreViewController.m */; };
		30B00DDD17CCFD280010D439 /* HomeViewController.m in Sources */ = {isa = PBXBuildFile; fileRef = 30B00DD417CCFD280010D439 /* HomeViewController.m */; };
		30B00DDE17CCFD280010D439 /* NavigationViewController.m in Sources */ = {isa = PBXBuildFile; fileRef = 30B00DD617CCFD280010D439 /* NavigationViewController.m */; };
		30B00DDF17CCFD280010D439 /* ProfileViewController.m in Sources */ = {isa = PBXBuildFile; fileRef = 30B00DD817CCFD280010D439 /* ProfileViewController.m */; };
		30B00DE017CCFD280010D439 /* RootViewController.m in Sources */ = {isa = PBXBuildFile; fileRef = 30B00DDA17CCFD280010D439 /* RootViewController.m */; };
		30B35CF217E54BFA0082CE0E /* RECommonFunctions.m in Sources */ = {isa = PBXBuildFile; fileRef = 30B35CF117E54BFA0082CE0E /* RECommonFunctions.m */; };
		30E0F77E16D545F7001949EA /* UIKit.framework in Frameworks */ = {isa = PBXBuildFile; fileRef = 30E0F77D16D545F7001949EA /* UIKit.framework */; };
		30E0F78016D545F7001949EA /* Foundation.framework in Frameworks */ = {isa = PBXBuildFile; fileRef = 30E0F77F16D545F7001949EA /* Foundation.framework */; };
		30E0F78216D545F7001949EA /* CoreGraphics.framework in Frameworks */ = {isa = PBXBuildFile; fileRef = 30E0F78116D545F7001949EA /* CoreGraphics.framework */; };
		30E0F78816D545F7001949EA /* InfoPlist.strings in Resources */ = {isa = PBXBuildFile; fileRef = 30E0F78616D545F7001949EA /* InfoPlist.strings */; };
		30E0F78A16D545F7001949EA /* main.m in Sources */ = {isa = PBXBuildFile; fileRef = 30E0F78916D545F7001949EA /* main.m */; };
		30E0F78E16D545F7001949EA /* AppDelegate.m in Sources */ = {isa = PBXBuildFile; fileRef = 30E0F78D16D545F7001949EA /* AppDelegate.m */; };
		30E0F7AC16D54641001949EA /* REMenu.m in Sources */ = {isa = PBXBuildFile; fileRef = 30E0F7A716D54641001949EA /* REMenu.m */; };
		30E0F7AD16D54641001949EA /* REMenuItem.m in Sources */ = {isa = PBXBuildFile; fileRef = 30E0F7A916D54641001949EA /* REMenuItem.m */; };
		30E0F7AE16D54641001949EA /* REMenuItemView.m in Sources */ = {isa = PBXBuildFile; fileRef = 30E0F7AB16D54641001949EA /* REMenuItemView.m */; };
		30E0F7B116D54CE0001949EA /* REMenuContainerView.m in Sources */ = {isa = PBXBuildFile; fileRef = 30E0F7B016D54CE0001949EA /* REMenuContainerView.m */; };
		AF1671D61DFA9AE30073309F /* REMenu.framework in Frameworks */ = {isa = PBXBuildFile; fileRef = AF1671CF1DFA9AE30073309F /* REMenu.framework */; };
		AF1671D71DFA9AE30073309F /* REMenu.framework in Embed Frameworks */ = {isa = PBXBuildFile; fileRef = AF1671CF1DFA9AE30073309F /* REMenu.framework */; settings = {ATTRIBUTES = (CodeSignOnCopy, RemoveHeadersOnCopy, ); }; };
		AF1671DB1DFA9B0A0073309F /* REMenu.h in Headers */ = {isa = PBXBuildFile; fileRef = 30E0F7A616D54641001949EA /* REMenu.h */; settings = {ATTRIBUTES = (Public, ); }; };
		AF1671DC1DFA9B150073309F /* RECommonFunctions.h in Headers */ = {isa = PBXBuildFile; fileRef = 30B35CF017E54BFA0082CE0E /* RECommonFunctions.h */; settings = {ATTRIBUTES = (Public, ); }; };
		AF1671DD1DFA9B150073309F /* REMenuItem.h in Headers */ = {isa = PBXBuildFile; fileRef = 30E0F7A816D54641001949EA /* REMenuItem.h */; settings = {ATTRIBUTES = (Public, ); }; };
		AF1671DE1DFA9B150073309F /* REMenuItemView.h in Headers */ = {isa = PBXBuildFile; fileRef = 30E0F7AA16D54641001949EA /* REMenuItemView.h */; settings = {ATTRIBUTES = (Private, ); }; };
		AF1671DF1DFA9B150073309F /* REMenuContainerView.h in Headers */ = {isa = PBXBuildFile; fileRef = 30E0F7AF16D54CE0001949EA /* REMenuContainerView.h */; settings = {ATTRIBUTES = (Public, ); }; };
		AF1671E11DFA9B720073309F /* RECommonFunctions.m in Sources */ = {isa = PBXBuildFile; fileRef = 30B35CF117E54BFA0082CE0E /* RECommonFunctions.m */; };
		AF1671E31DFA9B720073309F /* REMenu.m in Sources */ = {isa = PBXBuildFile; fileRef = 30E0F7A716D54641001949EA /* REMenu.m */; };
		AF1671E51DFA9B720073309F /* REMenuItem.m in Sources */ = {isa = PBXBuildFile; fileRef = 30E0F7A916D54641001949EA /* REMenuItem.m */; };
		AF1671E71DFA9B720073309F /* REMenuItemView.m in Sources */ = {isa = PBXBuildFile; fileRef = 30E0F7AB16D54641001949EA /* REMenuItemView.m */; };
		AF1671E91DFA9B720073309F /* REMenuContainerView.m in Sources */ = {isa = PBXBuildFile; fileRef = 30E0F7B016D54CE0001949EA /* REMenuContainerView.m */; };
/* End PBXBuildFile section */

/* Begin PBXContainerItemProxy section */
		AF1671D41DFA9AE30073309F /* PBXContainerItemProxy */ = {
			isa = PBXContainerItemProxy;
			containerPortal = 30E0F77216D545F7001949EA /* Project object */;
			proxyType = 1;
			remoteGlobalIDString = AF1671CE1DFA9AE30073309F;
			remoteInfo = REMenuFramework;
		};
/* End PBXContainerItemProxy section */

/* Begin PBXCopyFilesBuildPhase section */
		AF1671C91DFA9A9E0073309F /* Embed Frameworks */ = {
			isa = PBXCopyFilesBuildPhase;
			buildActionMask = 2147483647;
			dstPath = "";
			dstSubfolderSpec = 10;
			files = (
				AF1671D71DFA9AE30073309F /* REMenu.framework in Embed Frameworks */,
			);
			name = "Embed Frameworks";
			runOnlyForDeploymentPostprocessing = 0;
		};
/* End PBXCopyFilesBuildPhase section */

/* Begin PBXFileReference section */
		30A9E60619C628A600A68AF8 /* Images.xcassets */ = {isa = PBXFileReference; lastKnownFileType = folder.assetcatalog; path = Images.xcassets; sourceTree = "<group>"; };
		30B00DCF17CCFD280010D439 /* ActivityViewController.h */ = {isa = PBXFileReference; fileEncoding = 4; lastKnownFileType = sourcecode.c.h; path = ActivityViewController.h; sourceTree = "<group>"; };
		30B00DD017CCFD280010D439 /* ActivityViewController.m */ = {isa = PBXFileReference; fileEncoding = 4; lastKnownFileType = sourcecode.c.objc; path = ActivityViewController.m; sourceTree = "<group>"; };
		30B00DD117CCFD280010D439 /* ExploreViewController.h */ = {isa = PBXFileReference; fileEncoding = 4; lastKnownFileType = sourcecode.c.h; path = ExploreViewController.h; sourceTree = "<group>"; };
		30B00DD217CCFD280010D439 /* ExploreViewController.m */ = {isa = PBXFileReference; fileEncoding = 4; lastKnownFileType = sourcecode.c.objc; path = ExploreViewController.m; sourceTree = "<group>"; };
		30B00DD317CCFD280010D439 /* HomeViewController.h */ = {isa = PBXFileReference; fileEncoding = 4; lastKnownFileType = sourcecode.c.h; path = HomeViewController.h; sourceTree = "<group>"; };
		30B00DD417CCFD280010D439 /* HomeViewController.m */ = {isa = PBXFileReference; fileEncoding = 4; lastKnownFileType = sourcecode.c.objc; path = HomeViewController.m; sourceTree = "<group>"; };
		30B00DD517CCFD280010D439 /* NavigationViewController.h */ = {isa = PBXFileReference; fileEncoding = 4; lastKnownFileType = sourcecode.c.h; path = NavigationViewController.h; sourceTree = "<group>"; };
		30B00DD617CCFD280010D439 /* NavigationViewController.m */ = {isa = PBXFileReference; fileEncoding = 4; lastKnownFileType = sourcecode.c.objc; path = NavigationViewController.m; sourceTree = "<group>"; };
		30B00DD717CCFD280010D439 /* ProfileViewController.h */ = {isa = PBXFileReference; fileEncoding = 4; lastKnownFileType = sourcecode.c.h; path = ProfileViewController.h; sourceTree = "<group>"; };
		30B00DD817CCFD280010D439 /* ProfileViewController.m */ = {isa = PBXFileReference; fileEncoding = 4; lastKnownFileType = sourcecode.c.objc; path = ProfileViewController.m; sourceTree = "<group>"; };
		30B00DD917CCFD280010D439 /* RootViewController.h */ = {isa = PBXFileReference; fileEncoding = 4; lastKnownFileType = sourcecode.c.h; path = RootViewController.h; sourceTree = "<group>"; };
		30B00DDA17CCFD280010D439 /* RootViewController.m */ = {isa = PBXFileReference; fileEncoding = 4; lastKnownFileType = sourcecode.c.objc; path = RootViewController.m; sourceTree = "<group>"; };
		30B35CF017E54BFA0082CE0E /* RECommonFunctions.h */ = {isa = PBXFileReference; fileEncoding = 4; lastKnownFileType = sourcecode.c.h; path = RECommonFunctions.h; sourceTree = "<group>"; };
		30B35CF117E54BFA0082CE0E /* RECommonFunctions.m */ = {isa = PBXFileReference; fileEncoding = 4; lastKnownFileType = sourcecode.c.objc; path = RECommonFunctions.m; sourceTree = "<group>"; };
		30E0F77A16D545F7001949EA /* REMenuExample.app */ = {isa = PBXFileReference; explicitFileType = wrapper.application; includeInIndex = 0; path = REMenuExample.app; sourceTree = BUILT_PRODUCTS_DIR; };
		30E0F77D16D545F7001949EA /* UIKit.framework */ = {isa = PBXFileReference; lastKnownFileType = wrapper.framework; name = UIKit.framework; path = System/Library/Frameworks/UIKit.framework; sourceTree = SDKROOT; };
		30E0F77F16D545F7001949EA /* Foundation.framework */ = {isa = PBXFileReference; lastKnownFileType = wrapper.framework; name = Foundation.framework; path = System/Library/Frameworks/Foundation.framework; sourceTree = SDKROOT; };
		30E0F78116D545F7001949EA /* CoreGraphics.framework */ = {isa = PBXFileReference; lastKnownFileType = wrapper.framework; name = CoreGraphics.framework; path = System/Library/Frameworks/CoreGraphics.framework; sourceTree = SDKROOT; };
		30E0F78516D545F7001949EA /* REMenuExample-Info.plist */ = {isa = PBXFileReference; lastKnownFileType = text.plist.xml; path = "REMenuExample-Info.plist"; sourceTree = "<group>"; };
		30E0F78716D545F7001949EA /* en */ = {isa = PBXFileReference; lastKnownFileType = text.plist.strings; name = en; path = en.lproj/InfoPlist.strings; sourceTree = "<group>"; };
		30E0F78916D545F7001949EA /* main.m */ = {isa = PBXFileReference; lastKnownFileType = sourcecode.c.objc; path = main.m; sourceTree = "<group>"; };
		30E0F78B16D545F7001949EA /* REMenuExample-Prefix.pch */ = {isa = PBXFileReference; lastKnownFileType = sourcecode.c.h; path = "REMenuExample-Prefix.pch"; sourceTree = "<group>"; };
		30E0F78C16D545F7001949EA /* AppDelegate.h */ = {isa = PBXFileReference; lastKnownFileType = sourcecode.c.h; path = AppDelegate.h; sourceTree = "<group>"; };
		30E0F78D16D545F7001949EA /* AppDelegate.m */ = {isa = PBXFileReference; lastKnownFileType = sourcecode.c.objc; path = AppDelegate.m; sourceTree = "<group>"; };
		30E0F7A616D54641001949EA /* REMenu.h */ = {isa = PBXFileReference; fileEncoding = 4; lastKnownFileType = sourcecode.c.h; lineEnding = 0; path = REMenu.h; sourceTree = "<group>"; xcLanguageSpecificationIdentifier = xcode.lang.objcpp; };
		30E0F7A716D54641001949EA /* REMenu.m */ = {isa = PBXFileReference; fileEncoding = 4; lastKnownFileType = sourcecode.c.objc; lineEnding = 0; path = REMenu.m; sourceTree = "<group>"; xcLanguageSpecificationIdentifier = xcode.lang.objc; };
		30E0F7A816D54641001949EA /* REMenuItem.h */ = {isa = PBXFileReference; fileEncoding = 4; lastKnownFileType = sourcecode.c.h; path = REMenuItem.h; sourceTree = "<group>"; };
		30E0F7A916D54641001949EA /* REMenuItem.m */ = {isa = PBXFileReference; fileEncoding = 4; lastKnownFileType = sourcecode.c.objc; lineEnding = 0; path = REMenuItem.m; sourceTree = "<group>"; xcLanguageSpecificationIdentifier = xcode.lang.objc; };
		30E0F7AA16D54641001949EA /* REMenuItemView.h */ = {isa = PBXFileReference; fileEncoding = 4; lastKnownFileType = sourcecode.c.h; path = REMenuItemView.h; sourceTree = "<group>"; };
		30E0F7AB16D54641001949EA /* REMenuItemView.m */ = {isa = PBXFileReference; fileEncoding = 4; lastKnownFileType = sourcecode.c.objc; lineEnding = 0; path = REMenuItemView.m; sourceTree = "<group>"; xcLanguageSpecificationIdentifier = xcode.lang.objc; };
		30E0F7AF16D54CE0001949EA /* REMenuContainerView.h */ = {isa = PBXFileReference; fileEncoding = 4; lastKnownFileType = sourcecode.c.h; path = REMenuContainerView.h; sourceTree = "<group>"; };
		30E0F7B016D54CE0001949EA /* REMenuContainerView.m */ = {isa = PBXFileReference; fileEncoding = 4; lastKnownFileType = sourcecode.c.objc; path = REMenuContainerView.m; sourceTree = "<group>"; };
		AF1671CF1DFA9AE30073309F /* REMenu.framework */ = {isa = PBXFileReference; explicitFileType = wrapper.framework; includeInIndex = 0; path = REMenu.framework; sourceTree = BUILT_PRODUCTS_DIR; };
		AF1671D21DFA9AE30073309F /* Info.plist */ = {isa = PBXFileReference; lastKnownFileType = text.plist.xml; path = Info.plist; sourceTree = "<group>"; };
/* End PBXFileReference section */

/* Begin PBXFrameworksBuildPhase section */
		30E0F77716D545F7001949EA /* Frameworks */ = {
			isa = PBXFrameworksBuildPhase;
			buildActionMask = 2147483647;
			files = (
				AF1671D61DFA9AE30073309F /* REMenu.framework in Frameworks */,
				30E0F77E16D545F7001949EA /* UIKit.framework in Frameworks */,
				30E0F78016D545F7001949EA /* Foundation.framework in Frameworks */,
				30E0F78216D545F7001949EA /* CoreGraphics.framework in Frameworks */,
			);
			runOnlyForDeploymentPostprocessing = 0;
		};
		AF1671CB1DFA9AE30073309F /* Frameworks */ = {
			isa = PBXFrameworksBuildPhase;
			buildActionMask = 2147483647;
			files = (
			);
			runOnlyForDeploymentPostprocessing = 0;
		};
/* End PBXFrameworksBuildPhase section */

/* Begin PBXGroup section */
		30B00DCE17CCFD280010D439 /* Controllers */ = {
			isa = PBXGroup;
			children = (
				30B00DCF17CCFD280010D439 /* ActivityViewController.h */,
				30B00DD017CCFD280010D439 /* ActivityViewController.m */,
				30B00DD117CCFD280010D439 /* ExploreViewController.h */,
				30B00DD217CCFD280010D439 /* ExploreViewController.m */,
				30B00DD317CCFD280010D439 /* HomeViewController.h */,
				30B00DD417CCFD280010D439 /* HomeViewController.m */,
				30B00DD517CCFD280010D439 /* NavigationViewController.h */,
				30B00DD617CCFD280010D439 /* NavigationViewController.m */,
				30B00DD717CCFD280010D439 /* ProfileViewController.h */,
				30B00DD817CCFD280010D439 /* ProfileViewController.m */,
				30B00DD917CCFD280010D439 /* RootViewController.h */,
				30B00DDA17CCFD280010D439 /* RootViewController.m */,
			);
			name = Controllers;
			path = Classes/Controllers;
			sourceTree = "<group>";
		};
		30E0F77116D545F7001949EA = {
			isa = PBXGroup;
			children = (
				30E0F7A516D54641001949EA /* REMenu */,
				30E0F78316D545F7001949EA /* REMenuExample */,
				AF1671D01DFA9AE30073309F /* REMenuFramework */,
				30E0F77C16D545F7001949EA /* Frameworks */,
				30E0F77B16D545F7001949EA /* Products */,
			);
			sourceTree = "<group>";
		};
		30E0F77B16D545F7001949EA /* Products */ = {
			isa = PBXGroup;
			children = (
				30E0F77A16D545F7001949EA /* REMenuExample.app */,
				AF1671CF1DFA9AE30073309F /* REMenu.framework */,
			);
			name = Products;
			sourceTree = "<group>";
		};
		30E0F77C16D545F7001949EA /* Frameworks */ = {
			isa = PBXGroup;
			children = (
				30E0F77D16D545F7001949EA /* UIKit.framework */,
				30E0F77F16D545F7001949EA /* Foundation.framework */,
				30E0F78116D545F7001949EA /* CoreGraphics.framework */,
			);
			name = Frameworks;
			sourceTree = "<group>";
		};
		30E0F78316D545F7001949EA /* REMenuExample */ = {
			isa = PBXGroup;
			children = (
				30E0F78C16D545F7001949EA /* AppDelegate.h */,
				30E0F78D16D545F7001949EA /* AppDelegate.m */,
				30B00DCE17CCFD280010D439 /* Controllers */,
				30E0F78416D545F7001949EA /* Supporting Files */,
			);
			path = REMenuExample;
			sourceTree = "<group>";
		};
		30E0F78416D545F7001949EA /* Supporting Files */ = {
			isa = PBXGroup;
			children = (
				30A9E60619C628A600A68AF8 /* Images.xcassets */,
				30E0F78516D545F7001949EA /* REMenuExample-Info.plist */,
				30E0F78616D545F7001949EA /* InfoPlist.strings */,
				30E0F78916D545F7001949EA /* main.m */,
				30E0F78B16D545F7001949EA /* REMenuExample-Prefix.pch */,
			);
			name = "Supporting Files";
			sourceTree = "<group>";
		};
		30E0F7A516D54641001949EA /* REMenu */ = {
			isa = PBXGroup;
			children = (
				30B35CF017E54BFA0082CE0E /* RECommonFunctions.h */,
				30B35CF117E54BFA0082CE0E /* RECommonFunctions.m */,
				30E0F7A616D54641001949EA /* REMenu.h */,
				30E0F7A716D54641001949EA /* REMenu.m */,
				30E0F7A816D54641001949EA /* REMenuItem.h */,
				30E0F7A916D54641001949EA /* REMenuItem.m */,
				30E0F7AA16D54641001949EA /* REMenuItemView.h */,
				30E0F7AB16D54641001949EA /* REMenuItemView.m */,
				30E0F7AF16D54CE0001949EA /* REMenuContainerView.h */,
				30E0F7B016D54CE0001949EA /* REMenuContainerView.m */,
			);
			name = REMenu;
			path = ../REMenu;
			sourceTree = "<group>";
		};
		AF1671D01DFA9AE30073309F /* REMenuFramework */ = {
			isa = PBXGroup;
			children = (
				AF1671D21DFA9AE30073309F /* Info.plist */,
			);
			path = REMenuFramework;
			sourceTree = "<group>";
		};
/* End PBXGroup section */

/* Begin PBXHeadersBuildPhase section */
		AF1671CC1DFA9AE30073309F /* Headers */ = {
			isa = PBXHeadersBuildPhase;
			buildActionMask = 2147483647;
			files = (
				AF1671DB1DFA9B0A0073309F /* REMenu.h in Headers */,
				AF1671DC1DFA9B150073309F /* RECommonFunctions.h in Headers */,
				AF1671DD1DFA9B150073309F /* REMenuItem.h in Headers */,
				AF1671DF1DFA9B150073309F /* REMenuContainerView.h in Headers */,
				AF1671DE1DFA9B150073309F /* REMenuItemView.h in Headers */,
			);
			runOnlyForDeploymentPostprocessing = 0;
		};
/* End PBXHeadersBuildPhase section */

/* Begin PBXNativeTarget section */
		30E0F77916D545F7001949EA /* REMenuExample */ = {
			isa = PBXNativeTarget;
			buildConfigurationList = 30E0F79716D545F7001949EA /* Build configuration list for PBXNativeTarget "REMenuExample" */;
			buildPhases = (
				30E0F77616D545F7001949EA /* Sources */,
				30E0F77716D545F7001949EA /* Frameworks */,
				30E0F77816D545F7001949EA /* Resources */,
				AF1671C91DFA9A9E0073309F /* Embed Frameworks */,
			);
			buildRules = (
			);
			dependencies = (
				AF1671D51DFA9AE30073309F /* PBXTargetDependency */,
			);
			name = REMenuExample;
			productName = REMenuExample;
			productReference = 30E0F77A16D545F7001949EA /* REMenuExample.app */;
			productType = "com.apple.product-type.application";
		};
		AF1671CE1DFA9AE30073309F /* REMenuFramework */ = {
			isa = PBXNativeTarget;
			buildConfigurationList = AF1671D81DFA9AE30073309F /* Build configuration list for PBXNativeTarget "REMenuFramework" */;
			buildPhases = (
				AF1671CA1DFA9AE30073309F /* Sources */,
				AF1671CB1DFA9AE30073309F /* Frameworks */,
				AF1671CC1DFA9AE30073309F /* Headers */,
				AF1671CD1DFA9AE30073309F /* Resources */,
			);
			buildRules = (
			);
			dependencies = (
			);
			name = REMenuFramework;
			productName = REMenuFramework;
			productReference = AF1671CF1DFA9AE30073309F /* REMenu.framework */;
			productType = "com.apple.product-type.framework";
		};
/* End PBXNativeTarget section */

/* Begin PBXProject section */
		30E0F77216D545F7001949EA /* Project object */ = {
			isa = PBXProject;
			attributes = {
				LastUpgradeCheck = 0500;
				ORGANIZATIONNAME = "Roman Efimov";
				TargetAttributes = {
					AF1671CE1DFA9AE30073309F = {
						CreatedOnToolsVersion = 8.1;
						ProvisioningStyle = Automatic;
					};
				};
			};
			buildConfigurationList = 30E0F77516D545F7001949EA /* Build configuration list for PBXProject "REMenuExample" */;
			compatibilityVersion = "Xcode 3.2";
			developmentRegion = English;
			hasScannedForEncodings = 0;
			knownRegions = (
				en,
			);
			mainGroup = 30E0F77116D545F7001949EA;
			productRefGroup = 30E0F77B16D545F7001949EA /* Products */;
			projectDirPath = "";
			projectRoot = "";
			targets = (
				30E0F77916D545F7001949EA /* REMenuExample */,
				AF1671CE1DFA9AE30073309F /* REMenuFramework */,
			);
		};
/* End PBXProject section */

/* Begin PBXResourcesBuildPhase section */
		30E0F77816D545F7001949EA /* Resources */ = {
			isa = PBXResourcesBuildPhase;
			buildActionMask = 2147483647;
			files = (
				30E0F78816D545F7001949EA /* InfoPlist.strings in Resources */,
				30A9E60719C628A600A68AF8 /* Images.xcassets in Resources */,
			);
			runOnlyForDeploymentPostprocessing = 0;
		};
		AF1671CD1DFA9AE30073309F /* Resources */ = {
			isa = PBXResourcesBuildPhase;
			buildActionMask = 2147483647;
			files = (
			);
			runOnlyForDeploymentPostprocessing = 0;
		};
/* End PBXResourcesBuildPhase section */

/* Begin PBXSourcesBuildPhase section */
		30E0F77616D545F7001949EA /* Sources */ = {
			isa = PBXSourcesBuildPhase;
			buildActionMask = 2147483647;
			files = (
				30E0F78A16D545F7001949EA /* main.m in Sources */,
				30E0F78E16D545F7001949EA /* AppDelegate.m in Sources */,
				30B35CF217E54BFA0082CE0E /* RECommonFunctions.m in Sources */,
				30E0F7AC16D54641001949EA /* REMenu.m in Sources */,
				30E0F7AD16D54641001949EA /* REMenuItem.m in Sources */,
				30E0F7AE16D54641001949EA /* REMenuItemView.m in Sources */,
				30E0F7B116D54CE0001949EA /* REMenuContainerView.m in Sources */,
				30B00DDB17CCFD280010D439 /* ActivityViewController.m in Sources */,
				30B00DDC17CCFD280010D439 /* ExploreViewController.m in Sources */,
				30B00DDD17CCFD280010D439 /* HomeViewController.m in Sources */,
				30B00DDE17CCFD280010D439 /* NavigationViewController.m in Sources */,
				30B00DDF17CCFD280010D439 /* ProfileViewController.m in Sources */,
				30B00DE017CCFD280010D439 /* RootViewController.m in Sources */,
			);
			runOnlyForDeploymentPostprocessing = 0;
		};
		AF1671CA1DFA9AE30073309F /* Sources */ = {
			isa = PBXSourcesBuildPhase;
			buildActionMask = 2147483647;
			files = (
				AF1671E11DFA9B720073309F /* RECommonFunctions.m in Sources */,
				AF1671E31DFA9B720073309F /* REMenu.m in Sources */,
				AF1671E51DFA9B720073309F /* REMenuItem.m in Sources */,
				AF1671E71DFA9B720073309F /* REMenuItemView.m in Sources */,
				AF1671E91DFA9B720073309F /* REMenuContainerView.m in Sources */,
			);
			runOnlyForDeploymentPostprocessing = 0;
		};
/* End PBXSourcesBuildPhase section */

/* Begin PBXTargetDependency section */
		AF1671D51DFA9AE30073309F /* PBXTargetDependency */ = {
			isa = PBXTargetDependency;
			target = AF1671CE1DFA9AE30073309F /* REMenuFramework */;
			targetProxy = AF1671D41DFA9AE30073309F /* PBXContainerItemProxy */;
		};
/* End PBXTargetDependency section */

/* Begin PBXVariantGroup section */
		30E0F78616D545F7001949EA /* InfoPlist.strings */ = {
			isa = PBXVariantGroup;
			children = (
				30E0F78716D545F7001949EA /* en */,
			);
			name = InfoPlist.strings;
			sourceTree = "<group>";
		};
/* End PBXVariantGroup section */

/* Begin XCBuildConfiguration section */
		30E0F79516D545F7001949EA /* Debug */ = {
			isa = XCBuildConfiguration;
			buildSettings = {
				ALWAYS_SEARCH_USER_PATHS = NO;
				CLANG_CXX_LANGUAGE_STANDARD = "gnu++0x";
				CLANG_CXX_LIBRARY = "libc++";
				CLANG_ENABLE_OBJC_ARC = YES;
				CLANG_WARN_CONSTANT_CONVERSION = YES;
				CLANG_WARN_EMPTY_BODY = YES;
				CLANG_WARN_ENUM_CONVERSION = YES;
				CLANG_WARN_INT_CONVERSION = YES;
				CLANG_WARN__DUPLICATE_METHOD_MATCH = YES;
				"CODE_SIGN_IDENTITY[sdk=iphoneos*]" = "iPhone Developer";
				COPY_PHASE_STRIP = NO;
				GCC_C_LANGUAGE_STANDARD = gnu99;
				GCC_DYNAMIC_NO_PIC = NO;
				GCC_OPTIMIZATION_LEVEL = 0;
				GCC_PREPROCESSOR_DEFINITIONS = (
					"DEBUG=1",
					"$(inherited)",
				);
				GCC_SYMBOLS_PRIVATE_EXTERN = NO;
				GCC_WARN_ABOUT_RETURN_TYPE = YES;
				GCC_WARN_UNINITIALIZED_AUTOS = YES;
				GCC_WARN_UNUSED_VARIABLE = YES;
				IPHONEOS_DEPLOYMENT_TARGET = 8.0;
				ONLY_ACTIVE_ARCH = YES;
				SDKROOT = iphoneos;
			};
			name = Debug;
		};
		30E0F79616D545F7001949EA /* Release */ = {
			isa = XCBuildConfiguration;
			buildSettings = {
				ALWAYS_SEARCH_USER_PATHS = NO;
				CLANG_CXX_LANGUAGE_STANDARD = "gnu++0x";
				CLANG_CXX_LIBRARY = "libc++";
				CLANG_ENABLE_OBJC_ARC = YES;
				CLANG_WARN_CONSTANT_CONVERSION = YES;
				CLANG_WARN_EMPTY_BODY = YES;
				CLANG_WARN_ENUM_CONVERSION = YES;
				CLANG_WARN_INT_CONVERSION = YES;
				CLANG_WARN__DUPLICATE_METHOD_MATCH = YES;
				"CODE_SIGN_IDENTITY[sdk=iphoneos*]" = "iPhone Developer";
				COPY_PHASE_STRIP = YES;
				GCC_C_LANGUAGE_STANDARD = gnu99;
				GCC_WARN_ABOUT_RETURN_TYPE = YES;
				GCC_WARN_UNINITIALIZED_AUTOS = YES;
				GCC_WARN_UNUSED_VARIABLE = YES;
				IPHONEOS_DEPLOYMENT_TARGET = 8.0;
				OTHER_CFLAGS = "-DNS_BLOCK_ASSERTIONS=1";
				SDKROOT = iphoneos;
				VALIDATE_PRODUCT = YES;
			};
			name = Release;
		};
		30E0F79816D545F7001949EA /* Debug */ = {
			isa = XCBuildConfiguration;
			buildSettings = {
				ASSETCATALOG_COMPILER_APPICON_NAME = AppIcon;
				ASSETCATALOG_COMPILER_LAUNCHIMAGE_NAME = LaunchImage;
				GCC_PRECOMPILE_PREFIX_HEADER = YES;
				GCC_PREFIX_HEADER = "REMenuExample/REMenuExample-Prefix.pch";
				INFOPLIST_FILE = "REMenuExample/REMenuExample-Info.plist";
				IPHONEOS_DEPLOYMENT_TARGET = 5.0;
				LD_RUNPATH_SEARCH_PATHS = "$(inherited) @executable_path/Frameworks";
				PRODUCT_NAME = "$(TARGET_NAME)";
				SDKROOT = iphoneos;
				TARGETED_DEVICE_FAMILY = "1,2";
				WRAPPER_EXTENSION = app;
			};
			name = Debug;
		};
		30E0F79916D545F7001949EA /* Release */ = {
			isa = XCBuildConfiguration;
			buildSettings = {
				ASSETCATALOG_COMPILER_APPICON_NAME = AppIcon;
				ASSETCATALOG_COMPILER_LAUNCHIMAGE_NAME = LaunchImage;
				GCC_PRECOMPILE_PREFIX_HEADER = YES;
				GCC_PREFIX_HEADER = "REMenuExample/REMenuExample-Prefix.pch";
				INFOPLIST_FILE = "REMenuExample/REMenuExample-Info.plist";
				IPHONEOS_DEPLOYMENT_TARGET = 5.0;
				LD_RUNPATH_SEARCH_PATHS = "$(inherited) @executable_path/Frameworks";
				PRODUCT_NAME = "$(TARGET_NAME)";
				SDKROOT = iphoneos;
				TARGETED_DEVICE_FAMILY = "1,2";
				WRAPPER_EXTENSION = app;
			};
			name = Release;
		};
		AF1671D91DFA9AE30073309F /* Debug */ = {
			isa = XCBuildConfiguration;
			buildSettings = {
				CLANG_ANALYZER_NONNULL = YES;
				CLANG_ENABLE_MODULES = YES;
				CLANG_WARN_BOOL_CONVERSION = YES;
				CLANG_WARN_DIRECT_OBJC_ISA_USAGE = YES_ERROR;
				CLANG_WARN_DOCUMENTATION_COMMENTS = YES;
				CLANG_WARN_INFINITE_RECURSION = YES;
				CLANG_WARN_OBJC_ROOT_CLASS = YES_ERROR;
				CLANG_WARN_SUSPICIOUS_MOVES = YES;
				CLANG_WARN_UNREACHABLE_CODE = YES;
				CODE_SIGN_IDENTITY = "";
				CURRENT_PROJECT_VERSION = 1;
				DEBUG_INFORMATION_FORMAT = dwarf;
				DEFINES_MODULE = YES;
				DYLIB_COMPATIBILITY_VERSION = 1;
				DYLIB_CURRENT_VERSION = 1;
				DYLIB_INSTALL_NAME_BASE = "@rpath";
				ENABLE_STRICT_OBJC_MSGSEND = YES;
				ENABLE_TESTABILITY = YES;
				GCC_NO_COMMON_BLOCKS = YES;
				GCC_WARN_64_TO_32_BIT_CONVERSION = YES;
				GCC_WARN_ABOUT_RETURN_TYPE = YES_ERROR;
				GCC_WARN_UNDECLARED_SELECTOR = YES;
				GCC_WARN_UNINITIALIZED_AUTOS = YES_AGGRESSIVE;
				GCC_WARN_UNUSED_FUNCTION = YES;
				INFOPLIST_FILE = REMenuFramework/Info.plist;
				INSTALL_PATH = "$(LOCAL_LIBRARY_DIR)/Frameworks";
				IPHONEOS_DEPLOYMENT_TARGET = 8.0;
				LD_RUNPATH_SEARCH_PATHS = "$(inherited) @executable_path/Frameworks @loader_path/Frameworks";
				MTL_ENABLE_DEBUG_INFO = YES;
				PRODUCT_BUNDLE_IDENTIFIER = com.kevin.hirsch.REMenuFramework;
				PRODUCT_MODULE_NAME = REMenu;
				PRODUCT_NAME = REMenu;
				SKIP_INSTALL = YES;
				TARGETED_DEVICE_FAMILY = "1,2";
				VERSIONING_SYSTEM = "apple-generic";
				VERSION_INFO_PREFIX = "";
			};
			name = Debug;
		};
		AF1671DA1DFA9AE30073309F /* Release */ = {
			isa = XCBuildConfiguration;
			buildSettings = {
				CLANG_ANALYZER_NONNULL = YES;
				CLANG_ENABLE_MODULES = YES;
				CLANG_WARN_BOOL_CONVERSION = YES;
				CLANG_WARN_DIRECT_OBJC_ISA_USAGE = YES_ERROR;
				CLANG_WARN_DOCUMENTATION_COMMENTS = YES;
				CLANG_WARN_INFINITE_RECURSION = YES;
				CLANG_WARN_OBJC_ROOT_CLASS = YES_ERROR;
				CLANG_WARN_SUSPICIOUS_MOVES = YES;
				CLANG_WARN_UNREACHABLE_CODE = YES;
				CODE_SIGN_IDENTITY = "";
				COPY_PHASE_STRIP = NO;
				CURRENT_PROJECT_VERSION = 1;
				DEBUG_INFORMATION_FORMAT = "dwarf-with-dsym";
				DEFINES_MODULE = YES;
				DYLIB_COMPATIBILITY_VERSION = 1;
				DYLIB_CURRENT_VERSION = 1;
				DYLIB_INSTALL_NAME_BASE = "@rpath";
				ENABLE_NS_ASSERTIONS = NO;
				ENABLE_STRICT_OBJC_MSGSEND = YES;
				GCC_NO_COMMON_BLOCKS = YES;
				GCC_WARN_64_TO_32_BIT_CONVERSION = YES;
				GCC_WARN_ABOUT_RETURN_TYPE = YES_ERROR;
				GCC_WARN_UNDECLARED_SELECTOR = YES;
				GCC_WARN_UNINITIALIZED_AUTOS = YES_AGGRESSIVE;
				GCC_WARN_UNUSED_FUNCTION = YES;
				INFOPLIST_FILE = REMenuFramework/Info.plist;
				INSTALL_PATH = "$(LOCAL_LIBRARY_DIR)/Frameworks";
				IPHONEOS_DEPLOYMENT_TARGET = 8.0;
				LD_RUNPATH_SEARCH_PATHS = "$(inherited) @executable_path/Frameworks @loader_path/Frameworks";
				MTL_ENABLE_DEBUG_INFO = NO;
				PRODUCT_BUNDLE_IDENTIFIER = com.kevin.hirsch.REMenuFramework;
				PRODUCT_MODULE_NAME = REMenu;
				PRODUCT_NAME = REMenu;
				SKIP_INSTALL = YES;
				TARGETED_DEVICE_FAMILY = "1,2";
				VERSIONING_SYSTEM = "apple-generic";
				VERSION_INFO_PREFIX = "";
			};
			name = Release;
		};
/* End XCBuildConfiguration section */

/* Begin XCConfigurationList section */
		30E0F77516D545F7001949EA /* Build configuration list for PBXProject "REMenuExample" */ = {
			isa = XCConfigurationList;
			buildConfigurations = (
				30E0F79516D545F7001949EA /* Debug */,
				30E0F79616D545F7001949EA /* Release */,
			);
			defaultConfigurationIsVisible = 0;
			defaultConfigurationName = Release;
		};
		30E0F79716D545F7001949EA /* Build configuration list for PBXNativeTarget "REMenuExample" */ = {
			isa = XCConfigurationList;
			buildConfigurations = (
				30E0F79816D545F7001949EA /* Debug */,
				30E0F79916D545F7001949EA /* Release */,
			);
			defaultConfigurationIsVisible = 0;
			defaultConfigurationName = Release;
		};
		AF1671D81DFA9AE30073309F /* Build configuration list for PBXNativeTarget "REMenuFramework" */ = {
			isa = XCConfigurationList;
			buildConfigurations = (
				AF1671D91DFA9AE30073309F /* Debug */,
				AF1671DA1DFA9AE30073309F /* Release */,
			);
			defaultConfigurationIsVisible = 0;
		};
/* End XCConfigurationList section */
	};
	rootObject = 30E0F77216D545F7001949EA /* Project object */;
}
